
Microsoft Visual Studio Solution File, Format Version 12.00
# Visual Studio Version 16
VisualStudioVersion = 16.0.29020.237
MinimumVisualStudioVersion = 10.0.40219.1
Project("{9A19103F-16F7-4668-BE54-9A1E7A4F7556}") = "Mk.DemoB.Domain", "microservices\Mk.DemoB\src\Mk.DemoB.Domain\Mk.DemoB.Domain.csproj", "{554AD327-6DBA-4F8F-96F8-81CE7A0C863F}"
EndProject
Project("{9A19103F-16F7-4668-BE54-9A1E7A4F7556}") = "Mk.DemoB.Application", "microservices\Mk.DemoB\src\Mk.DemoB.Application\Mk.DemoB.Application.csproj", "{1A94A50E-06DC-43C1-80B5-B662820EC3EB}"
EndProject
Project("{9A19103F-16F7-4668-BE54-9A1E7A4F7556}") = "Mk.DemoB.EntityFrameworkCore", "microservices\Mk.DemoB\src\Mk.DemoB.EntityFrameworkCore\Mk.DemoB.EntityFrameworkCore.csproj", "{C956DD76-69C8-4A9C-83EA-D17DF83340FD}"
EndProject
Project("{2150E333-8FDC-42A3-9474-1A3956D46DE8}") = "04_DemoB", "04_DemoB", "{CA9AC87F-097E-4F15-8393-4BC07735A5B0}"
EndProject
Project("{9A19103F-16F7-4668-BE54-9A1E7A4F7556}") = "Mk.DemoB.EntityFrameworkCore.DbMigrations", "microservices\Mk.DemoB\src\Mk.DemoB.EntityFrameworkCore.DbMigrations\Mk.DemoB.EntityFrameworkCore.DbMigrations.csproj", "{0372FA84-C517-4EB3-9A9F-B9ACAC0CA5E0}"
EndProject
Project("{9A19103F-16F7-4668-BE54-9A1E7A4F7556}") = "Mk.DemoB.Domain.Shared", "microservices\Mk.DemoB\src\Mk.DemoB.Domain.Shared\Mk.DemoB.Domain.Shared.csproj", "{42F719ED-8413-4895-B5B4-5AB56079BC66}"
EndProject
Project("{9A19103F-16F7-4668-BE54-9A1E7A4F7556}") = "Mk.DemoB.Application.Contracts", "microservices\Mk.DemoB\src\Mk.DemoB.Application.Contracts\Mk.DemoB.Application.Contracts.csproj", "{520659C8-C734-4298-A3DA-B539DB9DFC0B}"
EndProject
Project("{9A19103F-16F7-4668-BE54-9A1E7A4F7556}") = "Mk.DemoB.HttpApi", "microservices\Mk.DemoB\src\Mk.DemoB.HttpApi\Mk.DemoB.HttpApi.csproj", "{4164BDF7-F527-4E85-9CE6-E3C2D7426A27}"
EndProject
Project("{9A19103F-16F7-4668-BE54-9A1E7A4F7556}") = "Mk.DemoB.HttpApi.Client", "microservices\Mk.DemoB\src\Mk.DemoB.HttpApi.Client\Mk.DemoB.HttpApi.Client.csproj", "{3B5A0094-670D-4BB1-BFDD-61B88A8773DC}"
EndProject
Project("{9A19103F-16F7-4668-BE54-9A1E7A4F7556}") = "Mk.DemoB.HttpApi.Host", "microservices\Mk.DemoB\src\Mk.DemoB.HttpApi.Host\Mk.DemoB.HttpApi.Host.csproj", "{E6D5BF0E-DE92-4D82-A352-EF04B37CB11C}"
EndProject
Project("{9A19103F-16F7-4668-BE54-9A1E7A4F7556}") = "Mk.DemoB.DbMigrator", "microservices\Mk.DemoB\src\Mk.DemoB.DbMigrator\Mk.DemoB.DbMigrator.csproj", "{AA94D832-1CCC-4715-95A9-A483F23A1A5D}"
EndProject
Project("{2150E333-8FDC-42A3-9474-1A3956D46DE8}") = "02_Framework", "02_Framework", "{408C61DE-C824-4BA2-8EE7-CE571EA864B5}"
EndProject
Project("{9A19103F-16F7-4668-BE54-9A1E7A4F7556}") = "Leopard", "framework\src\Leopard.Core\Leopard.csproj", "{8B34E5EC-1B0E-41ED-872B-7905023E966A}"
EndProject
Project("{9A19103F-16F7-4668-BE54-9A1E7A4F7556}") = "Leopard.EntityFrameworkCore", "framework\src\Leopard.EntityFrameworkCore\Leopard.EntityFrameworkCore.csproj", "{F34CB1A6-4FF2-4161-8365-CAE4E0DD654E}"
EndProject
Project("{9A19103F-16F7-4668-BE54-9A1E7A4F7556}") = "Mk.DemoB.BackgroundJobs", "microservices\Mk.DemoB\src\Mk.DemoB.BackgroundJobs\Mk.DemoB.BackgroundJobs.csproj", "{E7E1C844-2434-44D8-8060-8F145785722C}"
EndProject
Project("{2150E333-8FDC-42A3-9474-1A3956D46DE8}") = "05_DemoC", "05_DemoC", "{F88A0388-EC61-4CB3-852F-FBE3FE15BCB3}"
EndProject
Project("{9A19103F-16F7-4668-BE54-9A1E7A4F7556}") = "Mk.DemoC.Application", "microservices\Mk.DemoC\src\Mk.DemoC.Application\Mk.DemoC.Application.csproj", "{ED27BCE7-D646-4C3A-9477-176474070E54}"
EndProject
Project("{9A19103F-16F7-4668-BE54-9A1E7A4F7556}") = "Mk.DemoC.Application.Contracts", "microservices\Mk.DemoC\src\Mk.DemoC.Application.Contracts\Mk.DemoC.Application.Contracts.csproj", "{D842810D-DF59-4E1B-A71E-91D8483FFDAC}"
EndProject
Project("{9A19103F-16F7-4668-BE54-9A1E7A4F7556}") = "Mk.DemoC.Domain", "microservices\Mk.DemoC\src\Mk.DemoC.Domain\Mk.DemoC.Domain.csproj", "{A6C695A9-F94B-4773-87C1-0E40B5F77DC8}"
EndProject
Project("{9A19103F-16F7-4668-BE54-9A1E7A4F7556}") = "Mk.DemoC.Domain.Shared", "microservices\Mk.DemoC\src\Mk.DemoC.Domain.Shared\Mk.DemoC.Domain.Shared.csproj", "{141206D0-73F7-43B4-BBB5-D7263703D688}"
EndProject
Project("{9A19103F-16F7-4668-BE54-9A1E7A4F7556}") = "Mk.DemoC.EntityFrameworkCore", "microservices\Mk.DemoC\src\Mk.DemoC.EntityFrameworkCore\Mk.DemoC.EntityFrameworkCore.csproj", "{CA09D21E-7EE3-4DE1-ACB3-037C9A13AB17}"
EndProject
Project("{9A19103F-16F7-4668-BE54-9A1E7A4F7556}") = "Mk.DemoC.Host.Shared", "microservices\Mk.DemoC\src\Mk.DemoC.Host.Shared\Mk.DemoC.Host.Shared.csproj", "{D6F67284-6A10-4D72-9444-6D213B58EE36}"
EndProject
Project("{9A19103F-16F7-4668-BE54-9A1E7A4F7556}") = "Mk.DemoC.HttpApi", "microservices\Mk.DemoC\src\Mk.DemoC.HttpApi\Mk.DemoC.HttpApi.csproj", "{3375801B-1070-4D06-9B67-334CC89A125B}"
EndProject
Project("{9A19103F-16F7-4668-BE54-9A1E7A4F7556}") = "Mk.DemoC.HttpApi.Host", "microservices\Mk.DemoC\src\Mk.DemoC.HttpApi.Host\Mk.DemoC.HttpApi.Host.csproj", "{95CE1EB6-2364-420E-A428-09F0F6B9F9CB}"
EndProject
Project("{9A19103F-16F7-4668-BE54-9A1E7A4F7556}") = "Mk.DemoC.HttpApi.Client", "microservices\Mk.DemoC\src\Mk.DemoC.HttpApi.Client\Mk.DemoC.HttpApi.Client.csproj", "{AC7A3EB0-B9DB-4396-B646-1F236433600E}"
EndProject
Project("{9A19103F-16F7-4668-BE54-9A1E7A4F7556}") = "Leopard.AspNetCore.Mvc", "framework\src\Leopard.AspNetCore.Mvc\Leopard.AspNetCore.Mvc.csproj", "{BA1218D5-7F58-4209-91AF-44761CBE9421}"
EndProject
Project("{9A19103F-16F7-4668-BE54-9A1E7A4F7556}") = "Leopard.Domain.Share", "framework\src\Leopard.Domain.Share\Leopard.Domain.Share.csproj", "{E09BC551-2A2E-4A8B-B903-40CD0969A51A}"
EndProject
Project("{9A19103F-16F7-4668-BE54-9A1E7A4F7556}") = "Leopard.Ddd.Application.Contracts", "framework\src\Leopard.Ddd.Application.Contracts\Leopard.Ddd.Application.Contracts.csproj", "{524168D3-A6FD-4181-9B77-FA6A33029855}"
EndProject
Project("{2150E333-8FDC-42A3-9474-1A3956D46DE8}") = "03_Other", "03_Other", "{9A9EAD65-2DBA-4E8C-8A9A-D3C75EA55FA6}"
	ProjectSection(SolutionItems) = preProject
		docker-compose.yml = docker-compose.yml
	EndProjectSection
EndProject
Project("{2150E333-8FDC-42A3-9474-1A3956D46DE8}") = "06_Gateways", "06_Gateways", "{BFBA6DEE-2C3D-4695-A63C-9EC95A7D5400}"
EndProject
Project("{9A19103F-16F7-4668-BE54-9A1E7A4F7556}") = "Mk.Demo.Gateway", "gateways\Mk.Demo.Gateway\Mk.Demo.Gateway.csproj", "{EA840D90-8FE0-484A-A3A7-538C2CC6F49B}"
EndProject
Project("{9A19103F-16F7-4668-BE54-9A1E7A4F7556}") = "Leopard.Consul", "framework\src\Leopard.Consul\Leopard.Consul.csproj", "{01D5AB23-4029-4DC7-A041-0D510C099F49}"
EndProject
Project("{9A19103F-16F7-4668-BE54-9A1E7A4F7556}") = "Leopard.AspNetCore.Swashbuckle", "framework\src\Leopard.AspNetCore.Swashbuckle\Leopard.AspNetCore.Swashbuckle.csproj", "{7FEFE25B-8CBE-4625-9F83-EB069AADDFDC}"
EndProject
Project("{2150E333-8FDC-42A3-9474-1A3956D46DE8}") = "_doc", "_doc", "{09CFB583-D5A3-4631-A3FD-2C95226F4ACB}"
EndProject
Project("{9A19103F-16F7-4668-BE54-9A1E7A4F7556}") = "开发文档", "_doc\开发文档\开发文档.csproj", "{DF5B844A-D99B-4F83-B0A8-0FD3C2DFF21C}"
EndProject
Project("{2150E333-8FDC-42A3-9474-1A3956D46DE8}") = "04_Microservices", "04_Microservices", "{FCF83F0C-BF45-4348-93C5-B9E560C35553}"
EndProject
Project("{2150E333-8FDC-42A3-9474-1A3956D46DE8}") = "99_Shared", "99_Shared", "{FC715BA7-0C2F-424C-8EA3-EB02AB3FDCB8}"
EndProject
Project("{9A19103F-16F7-4668-BE54-9A1E7A4F7556}") = "MsDemo.Shared", "microservices\shared\MsDemo.Shared\MsDemo.Shared.csproj", "{43EE6750-4187-4EC0-878F-8023E1A68870}"
EndProject
Project("{2150E333-8FDC-42A3-9474-1A3956D46DE8}") = "01_AuthServer", "01_AuthServer", "{AECD9C89-5353-49B0-A60A-0AF43D9B4573}"
EndProject
Project("{9A19103F-16F7-4668-BE54-9A1E7A4F7556}") = "SSO.AuthServer.Application", "microservices\SSO.AuthServer\src\SSO.AuthServer.Application\SSO.AuthServer.Application.csproj", "{7F99D166-22C2-40A2-BD4F-1EF256407CD8}"
EndProject
Project("{9A19103F-16F7-4668-BE54-9A1E7A4F7556}") = "SSO.AuthServer.Application.Contracts", "microservices\SSO.AuthServer\src\SSO.AuthServer.Application.Contracts\SSO.AuthServer.Application.Contracts.csproj", "{B27605CF-16E3-4BED-8062-91A36BD4CBC4}"
EndProject
Project("{9A19103F-16F7-4668-BE54-9A1E7A4F7556}") = "SSO.AuthServer.DbMigrator", "microservices\SSO.AuthServer\src\SSO.AuthServer.DbMigrator\SSO.AuthServer.DbMigrator.csproj", "{57020D20-FE46-4D6D-846F-83086EC0778B}"
EndProject
Project("{9A19103F-16F7-4668-BE54-9A1E7A4F7556}") = "SSO.AuthServer.Domain", "microservices\SSO.AuthServer\src\SSO.AuthServer.Domain\SSO.AuthServer.Domain.csproj", "{AE7E44AC-DA7D-448D-9D05-6D9A4CB2F1AA}"
EndProject
Project("{9A19103F-16F7-4668-BE54-9A1E7A4F7556}") = "SSO.AuthServer.Domain.Shared", "microservices\SSO.AuthServer\src\SSO.AuthServer.Domain.Shared\SSO.AuthServer.Domain.Shared.csproj", "{1FC2FB4D-FEC0-4E76-80A0-6A3D53DDAD46}"
EndProject
Project("{9A19103F-16F7-4668-BE54-9A1E7A4F7556}") = "SSO.AuthServer.EntityFrameworkCore", "microservices\SSO.AuthServer\src\SSO.AuthServer.EntityFrameworkCore\SSO.AuthServer.EntityFrameworkCore.csproj", "{44A581A4-762F-4215-A928-11D0AADE2573}"
EndProject
Project("{9A19103F-16F7-4668-BE54-9A1E7A4F7556}") = "SSO.AuthServer.HttpApi", "microservices\SSO.AuthServer\src\SSO.AuthServer.HttpApi\SSO.AuthServer.HttpApi.csproj", "{CE9154EE-18E1-456E-8181-2F8A4563AB2B}"
EndProject
Project("{9A19103F-16F7-4668-BE54-9A1E7A4F7556}") = "SSO.AuthServer.HttpApi.Host", "microservices\SSO.AuthServer\src\SSO.AuthServer.HttpApi.Host\SSO.AuthServer.HttpApi.Host.csproj", "{39CFA2ED-E39C-425D-8D6F-4AF335C7708C}"
EndProject
Project("{9A19103F-16F7-4668-BE54-9A1E7A4F7556}") = "SSO.AuthServer.IdentityServer", "microservices\SSO.AuthServer\src\SSO.AuthServer.IdentityServer\SSO.AuthServer.IdentityServer.csproj", "{D879ADBC-EC84-4F9D-AC1A-8A947E7648BF}"
EndProject
Global
	GlobalSection(SolutionConfigurationPlatforms) = preSolution
		Debug|Any CPU = Debug|Any CPU
		Release|Any CPU = Release|Any CPU
	EndGlobalSection
	GlobalSection(ProjectConfigurationPlatforms) = postSolution
		{554AD327-6DBA-4F8F-96F8-81CE7A0C863F}.Debug|Any CPU.ActiveCfg = Debug|Any CPU
		{554AD327-6DBA-4F8F-96F8-81CE7A0C863F}.Debug|Any CPU.Build.0 = Debug|Any CPU
		{554AD327-6DBA-4F8F-96F8-81CE7A0C863F}.Release|Any CPU.ActiveCfg = Release|Any CPU
		{554AD327-6DBA-4F8F-96F8-81CE7A0C863F}.Release|Any CPU.Build.0 = Release|Any CPU
		{1A94A50E-06DC-43C1-80B5-B662820EC3EB}.Debug|Any CPU.ActiveCfg = Debug|Any CPU
		{1A94A50E-06DC-43C1-80B5-B662820EC3EB}.Debug|Any CPU.Build.0 = Debug|Any CPU
		{1A94A50E-06DC-43C1-80B5-B662820EC3EB}.Release|Any CPU.ActiveCfg = Release|Any CPU
		{1A94A50E-06DC-43C1-80B5-B662820EC3EB}.Release|Any CPU.Build.0 = Release|Any CPU
		{C956DD76-69C8-4A9C-83EA-D17DF83340FD}.Debug|Any CPU.ActiveCfg = Debug|Any CPU
		{C956DD76-69C8-4A9C-83EA-D17DF83340FD}.Debug|Any CPU.Build.0 = Debug|Any CPU
		{C956DD76-69C8-4A9C-83EA-D17DF83340FD}.Release|Any CPU.ActiveCfg = Release|Any CPU
		{C956DD76-69C8-4A9C-83EA-D17DF83340FD}.Release|Any CPU.Build.0 = Release|Any CPU
		{0372FA84-C517-4EB3-9A9F-B9ACAC0CA5E0}.Debug|Any CPU.ActiveCfg = Debug|Any CPU
		{0372FA84-C517-4EB3-9A9F-B9ACAC0CA5E0}.Debug|Any CPU.Build.0 = Debug|Any CPU
		{0372FA84-C517-4EB3-9A9F-B9ACAC0CA5E0}.Release|Any CPU.ActiveCfg = Release|Any CPU
		{0372FA84-C517-4EB3-9A9F-B9ACAC0CA5E0}.Release|Any CPU.Build.0 = Release|Any CPU
		{42F719ED-8413-4895-B5B4-5AB56079BC66}.Debug|Any CPU.ActiveCfg = Debug|Any CPU
		{42F719ED-8413-4895-B5B4-5AB56079BC66}.Debug|Any CPU.Build.0 = Debug|Any CPU
		{42F719ED-8413-4895-B5B4-5AB56079BC66}.Release|Any CPU.ActiveCfg = Release|Any CPU
		{42F719ED-8413-4895-B5B4-5AB56079BC66}.Release|Any CPU.Build.0 = Release|Any CPU
		{520659C8-C734-4298-A3DA-B539DB9DFC0B}.Debug|Any CPU.ActiveCfg = Debug|Any CPU
		{520659C8-C734-4298-A3DA-B539DB9DFC0B}.Debug|Any CPU.Build.0 = Debug|Any CPU
		{520659C8-C734-4298-A3DA-B539DB9DFC0B}.Release|Any CPU.ActiveCfg = Release|Any CPU
		{520659C8-C734-4298-A3DA-B539DB9DFC0B}.Release|Any CPU.Build.0 = Release|Any CPU
		{4164BDF7-F527-4E85-9CE6-E3C2D7426A27}.Debug|Any CPU.ActiveCfg = Debug|Any CPU
		{4164BDF7-F527-4E85-9CE6-E3C2D7426A27}.Debug|Any CPU.Build.0 = Debug|Any CPU
		{4164BDF7-F527-4E85-9CE6-E3C2D7426A27}.Release|Any CPU.ActiveCfg = Release|Any CPU
		{4164BDF7-F527-4E85-9CE6-E3C2D7426A27}.Release|Any CPU.Build.0 = Release|Any CPU
		{3B5A0094-670D-4BB1-BFDD-61B88A8773DC}.Debug|Any CPU.ActiveCfg = Debug|Any CPU
		{3B5A0094-670D-4BB1-BFDD-61B88A8773DC}.Debug|Any CPU.Build.0 = Debug|Any CPU
		{3B5A0094-670D-4BB1-BFDD-61B88A8773DC}.Release|Any CPU.ActiveCfg = Release|Any CPU
		{3B5A0094-670D-4BB1-BFDD-61B88A8773DC}.Release|Any CPU.Build.0 = Release|Any CPU
		{E6D5BF0E-DE92-4D82-A352-EF04B37CB11C}.Debug|Any CPU.ActiveCfg = Debug|Any CPU
		{E6D5BF0E-DE92-4D82-A352-EF04B37CB11C}.Debug|Any CPU.Build.0 = Debug|Any CPU
		{E6D5BF0E-DE92-4D82-A352-EF04B37CB11C}.Release|Any CPU.ActiveCfg = Release|Any CPU
		{E6D5BF0E-DE92-4D82-A352-EF04B37CB11C}.Release|Any CPU.Build.0 = Release|Any CPU
		{AA94D832-1CCC-4715-95A9-A483F23A1A5D}.Debug|Any CPU.ActiveCfg = Debug|Any CPU
		{AA94D832-1CCC-4715-95A9-A483F23A1A5D}.Debug|Any CPU.Build.0 = Debug|Any CPU
		{AA94D832-1CCC-4715-95A9-A483F23A1A5D}.Release|Any CPU.ActiveCfg = Release|Any CPU
		{AA94D832-1CCC-4715-95A9-A483F23A1A5D}.Release|Any CPU.Build.0 = Release|Any CPU
		{8B34E5EC-1B0E-41ED-872B-7905023E966A}.Debug|Any CPU.ActiveCfg = Debug|Any CPU
		{8B34E5EC-1B0E-41ED-872B-7905023E966A}.Debug|Any CPU.Build.0 = Debug|Any CPU
		{8B34E5EC-1B0E-41ED-872B-7905023E966A}.Release|Any CPU.ActiveCfg = Release|Any CPU
		{8B34E5EC-1B0E-41ED-872B-7905023E966A}.Release|Any CPU.Build.0 = Release|Any CPU
		{F34CB1A6-4FF2-4161-8365-CAE4E0DD654E}.Debug|Any CPU.ActiveCfg = Debug|Any CPU
		{F34CB1A6-4FF2-4161-8365-CAE4E0DD654E}.Debug|Any CPU.Build.0 = Debug|Any CPU
		{F34CB1A6-4FF2-4161-8365-CAE4E0DD654E}.Release|Any CPU.ActiveCfg = Release|Any CPU
		{F34CB1A6-4FF2-4161-8365-CAE4E0DD654E}.Release|Any CPU.Build.0 = Release|Any CPU
		{E7E1C844-2434-44D8-8060-8F145785722C}.Debug|Any CPU.ActiveCfg = Debug|Any CPU
		{E7E1C844-2434-44D8-8060-8F145785722C}.Debug|Any CPU.Build.0 = Debug|Any CPU
		{E7E1C844-2434-44D8-8060-8F145785722C}.Release|Any CPU.ActiveCfg = Release|Any CPU
		{E7E1C844-2434-44D8-8060-8F145785722C}.Release|Any CPU.Build.0 = Release|Any CPU
		{ED27BCE7-D646-4C3A-9477-176474070E54}.Debug|Any CPU.ActiveCfg = Debug|Any CPU
		{ED27BCE7-D646-4C3A-9477-176474070E54}.Debug|Any CPU.Build.0 = Debug|Any CPU
		{ED27BCE7-D646-4C3A-9477-176474070E54}.Release|Any CPU.ActiveCfg = Release|Any CPU
		{ED27BCE7-D646-4C3A-9477-176474070E54}.Release|Any CPU.Build.0 = Release|Any CPU
		{D842810D-DF59-4E1B-A71E-91D8483FFDAC}.Debug|Any CPU.ActiveCfg = Debug|Any CPU
		{D842810D-DF59-4E1B-A71E-91D8483FFDAC}.Debug|Any CPU.Build.0 = Debug|Any CPU
		{D842810D-DF59-4E1B-A71E-91D8483FFDAC}.Release|Any CPU.ActiveCfg = Release|Any CPU
		{D842810D-DF59-4E1B-A71E-91D8483FFDAC}.Release|Any CPU.Build.0 = Release|Any CPU
		{A6C695A9-F94B-4773-87C1-0E40B5F77DC8}.Debug|Any CPU.ActiveCfg = Debug|Any CPU
		{A6C695A9-F94B-4773-87C1-0E40B5F77DC8}.Debug|Any CPU.Build.0 = Debug|Any CPU
		{A6C695A9-F94B-4773-87C1-0E40B5F77DC8}.Release|Any CPU.ActiveCfg = Release|Any CPU
		{A6C695A9-F94B-4773-87C1-0E40B5F77DC8}.Release|Any CPU.Build.0 = Release|Any CPU
		{141206D0-73F7-43B4-BBB5-D7263703D688}.Debug|Any CPU.ActiveCfg = Debug|Any CPU
		{141206D0-73F7-43B4-BBB5-D7263703D688}.Debug|Any CPU.Build.0 = Debug|Any CPU
		{141206D0-73F7-43B4-BBB5-D7263703D688}.Release|Any CPU.ActiveCfg = Release|Any CPU
		{141206D0-73F7-43B4-BBB5-D7263703D688}.Release|Any CPU.Build.0 = Release|Any CPU
		{CA09D21E-7EE3-4DE1-ACB3-037C9A13AB17}.Debug|Any CPU.ActiveCfg = Debug|Any CPU
		{CA09D21E-7EE3-4DE1-ACB3-037C9A13AB17}.Debug|Any CPU.Build.0 = Debug|Any CPU
		{CA09D21E-7EE3-4DE1-ACB3-037C9A13AB17}.Release|Any CPU.ActiveCfg = Release|Any CPU
		{CA09D21E-7EE3-4DE1-ACB3-037C9A13AB17}.Release|Any CPU.Build.0 = Release|Any CPU
		{D6F67284-6A10-4D72-9444-6D213B58EE36}.Debug|Any CPU.ActiveCfg = Debug|Any CPU
		{D6F67284-6A10-4D72-9444-6D213B58EE36}.Debug|Any CPU.Build.0 = Debug|Any CPU
		{D6F67284-6A10-4D72-9444-6D213B58EE36}.Release|Any CPU.ActiveCfg = Release|Any CPU
		{D6F67284-6A10-4D72-9444-6D213B58EE36}.Release|Any CPU.Build.0 = Release|Any CPU
		{3375801B-1070-4D06-9B67-334CC89A125B}.Debug|Any CPU.ActiveCfg = Debug|Any CPU
		{3375801B-1070-4D06-9B67-334CC89A125B}.Debug|Any CPU.Build.0 = Debug|Any CPU
		{3375801B-1070-4D06-9B67-334CC89A125B}.Release|Any CPU.ActiveCfg = Release|Any CPU
		{3375801B-1070-4D06-9B67-334CC89A125B}.Release|Any CPU.Build.0 = Release|Any CPU
		{95CE1EB6-2364-420E-A428-09F0F6B9F9CB}.Debug|Any CPU.ActiveCfg = Debug|Any CPU
		{95CE1EB6-2364-420E-A428-09F0F6B9F9CB}.Debug|Any CPU.Build.0 = Debug|Any CPU
		{95CE1EB6-2364-420E-A428-09F0F6B9F9CB}.Release|Any CPU.ActiveCfg = Release|Any CPU
		{95CE1EB6-2364-420E-A428-09F0F6B9F9CB}.Release|Any CPU.Build.0 = Release|Any CPU
		{AC7A3EB0-B9DB-4396-B646-1F236433600E}.Debug|Any CPU.ActiveCfg = Debug|Any CPU
		{AC7A3EB0-B9DB-4396-B646-1F236433600E}.Debug|Any CPU.Build.0 = Debug|Any CPU
		{AC7A3EB0-B9DB-4396-B646-1F236433600E}.Release|Any CPU.ActiveCfg = Release|Any CPU
		{AC7A3EB0-B9DB-4396-B646-1F236433600E}.Release|Any CPU.Build.0 = Release|Any CPU
		{BA1218D5-7F58-4209-91AF-44761CBE9421}.Debug|Any CPU.ActiveCfg = Debug|Any CPU
		{BA1218D5-7F58-4209-91AF-44761CBE9421}.Debug|Any CPU.Build.0 = Debug|Any CPU
		{BA1218D5-7F58-4209-91AF-44761CBE9421}.Release|Any CPU.ActiveCfg = Release|Any CPU
		{BA1218D5-7F58-4209-91AF-44761CBE9421}.Release|Any CPU.Build.0 = Release|Any CPU
		{E09BC551-2A2E-4A8B-B903-40CD0969A51A}.Debug|Any CPU.ActiveCfg = Debug|Any CPU
		{E09BC551-2A2E-4A8B-B903-40CD0969A51A}.Debug|Any CPU.Build.0 = Debug|Any CPU
		{E09BC551-2A2E-4A8B-B903-40CD0969A51A}.Release|Any CPU.ActiveCfg = Release|Any CPU
		{E09BC551-2A2E-4A8B-B903-40CD0969A51A}.Release|Any CPU.Build.0 = Release|Any CPU
		{524168D3-A6FD-4181-9B77-FA6A33029855}.Debug|Any CPU.ActiveCfg = Debug|Any CPU
		{524168D3-A6FD-4181-9B77-FA6A33029855}.Debug|Any CPU.Build.0 = Debug|Any CPU
		{524168D3-A6FD-4181-9B77-FA6A33029855}.Release|Any CPU.ActiveCfg = Release|Any CPU
		{524168D3-A6FD-4181-9B77-FA6A33029855}.Release|Any CPU.Build.0 = Release|Any CPU
		{EA840D90-8FE0-484A-A3A7-538C2CC6F49B}.Debug|Any CPU.ActiveCfg = Debug|Any CPU
		{EA840D90-8FE0-484A-A3A7-538C2CC6F49B}.Debug|Any CPU.Build.0 = Debug|Any CPU
		{EA840D90-8FE0-484A-A3A7-538C2CC6F49B}.Release|Any CPU.ActiveCfg = Release|Any CPU
		{EA840D90-8FE0-484A-A3A7-538C2CC6F49B}.Release|Any CPU.Build.0 = Release|Any CPU
		{01D5AB23-4029-4DC7-A041-0D510C099F49}.Debug|Any CPU.ActiveCfg = Debug|Any CPU
		{01D5AB23-4029-4DC7-A041-0D510C099F49}.Debug|Any CPU.Build.0 = Debug|Any CPU
		{01D5AB23-4029-4DC7-A041-0D510C099F49}.Release|Any CPU.ActiveCfg = Release|Any CPU
		{01D5AB23-4029-4DC7-A041-0D510C099F49}.Release|Any CPU.Build.0 = Release|Any CPU
		{7FEFE25B-8CBE-4625-9F83-EB069AADDFDC}.Debug|Any CPU.ActiveCfg = Debug|Any CPU
		{7FEFE25B-8CBE-4625-9F83-EB069AADDFDC}.Debug|Any CPU.Build.0 = Debug|Any CPU
		{7FEFE25B-8CBE-4625-9F83-EB069AADDFDC}.Release|Any CPU.ActiveCfg = Release|Any CPU
		{7FEFE25B-8CBE-4625-9F83-EB069AADDFDC}.Release|Any CPU.Build.0 = Release|Any CPU
		{DF5B844A-D99B-4F83-B0A8-0FD3C2DFF21C}.Debug|Any CPU.ActiveCfg = Debug|Any CPU
		{DF5B844A-D99B-4F83-B0A8-0FD3C2DFF21C}.Debug|Any CPU.Build.0 = Debug|Any CPU
		{DF5B844A-D99B-4F83-B0A8-0FD3C2DFF21C}.Release|Any CPU.ActiveCfg = Release|Any CPU
		{DF5B844A-D99B-4F83-B0A8-0FD3C2DFF21C}.Release|Any CPU.Build.0 = Release|Any CPU
		{43EE6750-4187-4EC0-878F-8023E1A68870}.Debug|Any CPU.ActiveCfg = Debug|Any CPU
		{43EE6750-4187-4EC0-878F-8023E1A68870}.Debug|Any CPU.Build.0 = Debug|Any CPU
		{43EE6750-4187-4EC0-878F-8023E1A68870}.Release|Any CPU.ActiveCfg = Release|Any CPU
		{43EE6750-4187-4EC0-878F-8023E1A68870}.Release|Any CPU.Build.0 = Release|Any CPU
		{7F99D166-22C2-40A2-BD4F-1EF256407CD8}.Debug|Any CPU.ActiveCfg = Debug|Any CPU
		{7F99D166-22C2-40A2-BD4F-1EF256407CD8}.Debug|Any CPU.Build.0 = Debug|Any CPU
		{7F99D166-22C2-40A2-BD4F-1EF256407CD8}.Release|Any CPU.ActiveCfg = Release|Any CPU
		{7F99D166-22C2-40A2-BD4F-1EF256407CD8}.Release|Any CPU.Build.0 = Release|Any CPU
		{B27605CF-16E3-4BED-8062-91A36BD4CBC4}.Debug|Any CPU.ActiveCfg = Debug|Any CPU
		{B27605CF-16E3-4BED-8062-91A36BD4CBC4}.Debug|Any CPU.Build.0 = Debug|Any CPU
		{B27605CF-16E3-4BED-8062-91A36BD4CBC4}.Release|Any CPU.ActiveCfg = Release|Any CPU
		{B27605CF-16E3-4BED-8062-91A36BD4CBC4}.Release|Any CPU.Build.0 = Release|Any CPU
		{57020D20-FE46-4D6D-846F-83086EC0778B}.Debug|Any CPU.ActiveCfg = Debug|Any CPU
		{57020D20-FE46-4D6D-846F-83086EC0778B}.Debug|Any CPU.Build.0 = Debug|Any CPU
		{57020D20-FE46-4D6D-846F-83086EC0778B}.Release|Any CPU.ActiveCfg = Release|Any CPU
		{57020D20-FE46-4D6D-846F-83086EC0778B}.Release|Any CPU.Build.0 = Release|Any CPU
		{AE7E44AC-DA7D-448D-9D05-6D9A4CB2F1AA}.Debug|Any CPU.ActiveCfg = Debug|Any CPU
		{AE7E44AC-DA7D-448D-9D05-6D9A4CB2F1AA}.Debug|Any CPU.Build.0 = Debug|Any CPU
		{AE7E44AC-DA7D-448D-9D05-6D9A4CB2F1AA}.Release|Any CPU.ActiveCfg = Release|Any CPU
		{AE7E44AC-DA7D-448D-9D05-6D9A4CB2F1AA}.Release|Any CPU.Build.0 = Release|Any CPU
		{1FC2FB4D-FEC0-4E76-80A0-6A3D53DDAD46}.Debug|Any CPU.ActiveCfg = Debug|Any CPU
		{1FC2FB4D-FEC0-4E76-80A0-6A3D53DDAD46}.Debug|Any CPU.Build.0 = Debug|Any CPU
		{1FC2FB4D-FEC0-4E76-80A0-6A3D53DDAD46}.Release|Any CPU.ActiveCfg = Release|Any CPU
		{1FC2FB4D-FEC0-4E76-80A0-6A3D53DDAD46}.Release|Any CPU.Build.0 = Release|Any CPU
		{44A581A4-762F-4215-A928-11D0AADE2573}.Debug|Any CPU.ActiveCfg = Debug|Any CPU
		{44A581A4-762F-4215-A928-11D0AADE2573}.Debug|Any CPU.Build.0 = Debug|Any CPU
		{44A581A4-762F-4215-A928-11D0AADE2573}.Release|Any CPU.ActiveCfg = Release|Any CPU
		{44A581A4-762F-4215-A928-11D0AADE2573}.Release|Any CPU.Build.0 = Release|Any CPU
		{CE9154EE-18E1-456E-8181-2F8A4563AB2B}.Debug|Any CPU.ActiveCfg = Debug|Any CPU
		{CE9154EE-18E1-456E-8181-2F8A4563AB2B}.Debug|Any CPU.Build.0 = Debug|Any CPU
		{CE9154EE-18E1-456E-8181-2F8A4563AB2B}.Release|Any CPU.ActiveCfg = Release|Any CPU
		{CE9154EE-18E1-456E-8181-2F8A4563AB2B}.Release|Any CPU.Build.0 = Release|Any CPU
		{39CFA2ED-E39C-425D-8D6F-4AF335C7708C}.Debug|Any CPU.ActiveCfg = Debug|Any CPU
		{39CFA2ED-E39C-425D-8D6F-4AF335C7708C}.Debug|Any CPU.Build.0 = Debug|Any CPU
		{39CFA2ED-E39C-425D-8D6F-4AF335C7708C}.Release|Any CPU.ActiveCfg = Release|Any CPU
		{39CFA2ED-E39C-425D-8D6F-4AF335C7708C}.Release|Any CPU.Build.0 = Release|Any CPU
		{D879ADBC-EC84-4F9D-AC1A-8A947E7648BF}.Debug|Any CPU.ActiveCfg = Debug|Any CPU
		{D879ADBC-EC84-4F9D-AC1A-8A947E7648BF}.Debug|Any CPU.Build.0 = Debug|Any CPU
		{D879ADBC-EC84-4F9D-AC1A-8A947E7648BF}.Release|Any CPU.ActiveCfg = Release|Any CPU
		{D879ADBC-EC84-4F9D-AC1A-8A947E7648BF}.Release|Any CPU.Build.0 = Release|Any CPU
	EndGlobalSection
	GlobalSection(SolutionProperties) = preSolution
		HideSolutionNode = FALSE
	EndGlobalSection
	GlobalSection(NestedProjects) = preSolution
		{554AD327-6DBA-4F8F-96F8-81CE7A0C863F} = {CA9AC87F-097E-4F15-8393-4BC07735A5B0}
		{1A94A50E-06DC-43C1-80B5-B662820EC3EB} = {CA9AC87F-097E-4F15-8393-4BC07735A5B0}
		{C956DD76-69C8-4A9C-83EA-D17DF83340FD} = {CA9AC87F-097E-4F15-8393-4BC07735A5B0}
		{CA9AC87F-097E-4F15-8393-4BC07735A5B0} = {FCF83F0C-BF45-4348-93C5-B9E560C35553}
		{0372FA84-C517-4EB3-9A9F-B9ACAC0CA5E0} = {CA9AC87F-097E-4F15-8393-4BC07735A5B0}
		{42F719ED-8413-4895-B5B4-5AB56079BC66} = {CA9AC87F-097E-4F15-8393-4BC07735A5B0}
		{520659C8-C734-4298-A3DA-B539DB9DFC0B} = {CA9AC87F-097E-4F15-8393-4BC07735A5B0}
		{4164BDF7-F527-4E85-9CE6-E3C2D7426A27} = {CA9AC87F-097E-4F15-8393-4BC07735A5B0}
		{3B5A0094-670D-4BB1-BFDD-61B88A8773DC} = {CA9AC87F-097E-4F15-8393-4BC07735A5B0}
		{E6D5BF0E-DE92-4D82-A352-EF04B37CB11C} = {CA9AC87F-097E-4F15-8393-4BC07735A5B0}
		{AA94D832-1CCC-4715-95A9-A483F23A1A5D} = {CA9AC87F-097E-4F15-8393-4BC07735A5B0}
		{8B34E5EC-1B0E-41ED-872B-7905023E966A} = {408C61DE-C824-4BA2-8EE7-CE571EA864B5}
		{F34CB1A6-4FF2-4161-8365-CAE4E0DD654E} = {408C61DE-C824-4BA2-8EE7-CE571EA864B5}
		{E7E1C844-2434-44D8-8060-8F145785722C} = {CA9AC87F-097E-4F15-8393-4BC07735A5B0}
		{F88A0388-EC61-4CB3-852F-FBE3FE15BCB3} = {FCF83F0C-BF45-4348-93C5-B9E560C35553}
		{ED27BCE7-D646-4C3A-9477-176474070E54} = {F88A0388-EC61-4CB3-852F-FBE3FE15BCB3}
		{D842810D-DF59-4E1B-A71E-91D8483FFDAC} = {F88A0388-EC61-4CB3-852F-FBE3FE15BCB3}
		{A6C695A9-F94B-4773-87C1-0E40B5F77DC8} = {F88A0388-EC61-4CB3-852F-FBE3FE15BCB3}
		{141206D0-73F7-43B4-BBB5-D7263703D688} = {F88A0388-EC61-4CB3-852F-FBE3FE15BCB3}
		{CA09D21E-7EE3-4DE1-ACB3-037C9A13AB17} = {F88A0388-EC61-4CB3-852F-FBE3FE15BCB3}
		{D6F67284-6A10-4D72-9444-6D213B58EE36} = {F88A0388-EC61-4CB3-852F-FBE3FE15BCB3}
		{3375801B-1070-4D06-9B67-334CC89A125B} = {F88A0388-EC61-4CB3-852F-FBE3FE15BCB3}
		{95CE1EB6-2364-420E-A428-09F0F6B9F9CB} = {F88A0388-EC61-4CB3-852F-FBE3FE15BCB3}
		{AC7A3EB0-B9DB-4396-B646-1F236433600E} = {F88A0388-EC61-4CB3-852F-FBE3FE15BCB3}
		{BA1218D5-7F58-4209-91AF-44761CBE9421} = {408C61DE-C824-4BA2-8EE7-CE571EA864B5}
		{E09BC551-2A2E-4A8B-B903-40CD0969A51A} = {408C61DE-C824-4BA2-8EE7-CE571EA864B5}
		{524168D3-A6FD-4181-9B77-FA6A33029855} = {408C61DE-C824-4BA2-8EE7-CE571EA864B5}
		{EA840D90-8FE0-484A-A3A7-538C2CC6F49B} = {BFBA6DEE-2C3D-4695-A63C-9EC95A7D5400}
		{01D5AB23-4029-4DC7-A041-0D510C099F49} = {408C61DE-C824-4BA2-8EE7-CE571EA864B5}
		{7FEFE25B-8CBE-4625-9F83-EB069AADDFDC} = {408C61DE-C824-4BA2-8EE7-CE571EA864B5}
		{DF5B844A-D99B-4F83-B0A8-0FD3C2DFF21C} = {09CFB583-D5A3-4631-A3FD-2C95226F4ACB}
		{FC715BA7-0C2F-424C-8EA3-EB02AB3FDCB8} = {FCF83F0C-BF45-4348-93C5-B9E560C35553}
		{43EE6750-4187-4EC0-878F-8023E1A68870} = {FC715BA7-0C2F-424C-8EA3-EB02AB3FDCB8}
		{AECD9C89-5353-49B0-A60A-0AF43D9B4573} = {FCF83F0C-BF45-4348-93C5-B9E560C35553}
		{7F99D166-22C2-40A2-BD4F-1EF256407CD8} = {AECD9C89-5353-49B0-A60A-0AF43D9B4573}
		{B27605CF-16E3-4BED-8062-91A36BD4CBC4} = {AECD9C89-5353-49B0-A60A-0AF43D9B4573}
		{57020D20-FE46-4D6D-846F-83086EC0778B} = {AECD9C89-5353-49B0-A60A-0AF43D9B4573}
		{AE7E44AC-DA7D-448D-9D05-6D9A4CB2F1AA} = {AECD9C89-5353-49B0-A60A-0AF43D9B4573}
		{1FC2FB4D-FEC0-4E76-80A0-6A3D53DDAD46} = {AECD9C89-5353-49B0-A60A-0AF43D9B4573}
		{44A581A4-762F-4215-A928-11D0AADE2573} = {AECD9C89-5353-49B0-A60A-0AF43D9B4573}
		{CE9154EE-18E1-456E-8181-2F8A4563AB2B} = {AECD9C89-5353-49B0-A60A-0AF43D9B4573}
		{39CFA2ED-E39C-425D-8D6F-4AF335C7708C} = {AECD9C89-5353-49B0-A60A-0AF43D9B4573}
		{D879ADBC-EC84-4F9D-AC1A-8A947E7648BF} = {AECD9C89-5353-49B0-A60A-0AF43D9B4573}
	EndGlobalSection
	GlobalSection(ExtensibilityGlobals) = postSolution
		SolutionGuid = {28315BFD-90E7-4E14-A2EA-F3D23AF4126F}
	EndGlobalSection
EndGlobal
