
Microsoft Visual Studio Solution File, Format Version 12.00
# Visual Studio Version 17
VisualStudioVersion = 17.4.33122.133
MinimumVisualStudioVersion = 10.0.40219.1
Project("{2150E333-8FDC-42A3-9474-1A3956D46DE8}") = "src", "src", "{138BBFFC-09B9-49FB-9C57-E25327CCE0C1}"
EndProject
Project("{9A19103F-16F7-4668-BE54-9A1E7A4F7556}") = "EShop.Shared", "src\EShop.Shared\EShop.Shared.csproj", "{82C1E57C-C6AA-4701-9CFA-9C51C5391435}"
EndProject
Project("{9A19103F-16F7-4668-BE54-9A1E7A4F7556}") = "EShop.Shared.EntityFrameworkCore", "src\EShop.Shared.EntityFrameworkCore\EShop.Shared.EntityFrameworkCore.csproj", "{C17F8D6A-DC69-4650-8087-E3649501751E}"
EndProject
Global
	GlobalSection(SolutionConfigurationPlatforms) = preSolution
		Debug|Any CPU = Debug|Any CPU
		Release|Any CPU = Release|Any CPU
	EndGlobalSection
	GlobalSection(ProjectConfigurationPlatforms) = postSolution
		{82C1E57C-C6AA-4701-9CFA-9C51C5391435}.Debug|Any CPU.ActiveCfg = Debug|Any CPU
		{82C1E57C-C6AA-4701-9CFA-9C51C5391435}.Debug|Any CPU.Build.0 = Debug|Any CPU
		{82C1E57C-C6AA-4701-9CFA-9C51C5391435}.Release|Any CPU.ActiveCfg = Release|Any CPU
		{82C1E57C-C6AA-4701-9CFA-9C51C5391435}.Release|Any CPU.Build.0 = Release|Any CPU
		{C17F8D6A-DC69-4650-8087-E3649501751E}.Debug|Any CPU.ActiveCfg = Debug|Any CPU
		{C17F8D6A-DC69-4650-8087-E3649501751E}.Debug|Any CPU.Build.0 = Debug|Any CPU
		{C17F8D6A-DC69-4650-8087-E3649501751E}.Release|Any CPU.ActiveCfg = Release|Any CPU
		{C17F8D6A-DC69-4650-8087-E3649501751E}.Release|Any CPU.Build.0 = Release|Any CPU
	EndGlobalSection
	GlobalSection(SolutionProperties) = preSolution
		HideSolutionNode = FALSE
	EndGlobalSection
	GlobalSection(NestedProjects) = preSolution
		{82C1E57C-C6AA-4701-9CFA-9C51C5391435} = {138BBFFC-09B9-49FB-9C57-E25327CCE0C1}
		{C17F8D6A-DC69-4650-8087-E3649501751E} = {138BBFFC-09B9-49FB-9C57-E25327CCE0C1}
	EndGlobalSection
	GlobalSection(ExtensibilityGlobals) = postSolution
		SolutionGuid = {1753A143-A9EF-43ED-970D-C71BAD179AE6}
	EndGlobalSection
EndGlobal
