
Microsoft Visual Studio Solution File, Format Version 12.00
# Visual Studio Version 17
VisualStudioVersion = 17.4.33122.133
MinimumVisualStudioVersion = 10.0.40219.1
Project("{2150E333-8FDC-42A3-9474-1A3956D46DE8}") = "host", "host", "{138BBFFC-09B9-49FB-9C57-E25327CCE0C1}"
EndProject
Project("{9A19103F-16F7-4668-BE54-9A1E7A4F7556}") = "InternalGateway.Host", "host\InternalGateway.Host.csproj", "{BD98A8E6-C9BC-4AA5-BF72-6E4FEE794470}"
EndProject
Global
	GlobalSection(SolutionConfigurationPlatforms) = preSolution
		Debug|Any CPU = Debug|Any CPU
		Release|Any CPU = Release|Any CPU
	EndGlobalSection
	GlobalSection(ProjectConfigurationPlatforms) = postSolution
		{BD98A8E6-C9BC-4AA5-BF72-6E4FEE794470}.Debug|Any CPU.ActiveCfg = Debug|Any CPU
		{BD98A8E6-C9BC-4AA5-BF72-6E4FEE794470}.Debug|Any CPU.Build.0 = Debug|Any CPU
		{BD98A8E6-C9BC-4AA5-BF72-6E4FEE794470}.Release|Any CPU.ActiveCfg = Release|Any CPU
		{BD98A8E6-C9BC-4AA5-BF72-6E4FEE794470}.Release|Any CPU.Build.0 = Release|Any CPU
	EndGlobalSection
	GlobalSection(SolutionProperties) = preSolution
		HideSolutionNode = FALSE
	EndGlobalSection
	GlobalSection(NestedProjects) = preSolution
		{BD98A8E6-C9BC-4AA5-BF72-6E4FEE794470} = {138BBFFC-09B9-49FB-9C57-E25327CCE0C1}
	EndGlobalSection
	GlobalSection(ExtensibilityGlobals) = postSolution
		SolutionGuid = {1753A143-A9EF-43ED-970D-C71BAD179AE6}
	EndGlobalSection
EndGlobal
