
Microsoft Visual Studio Solution File, Format Version 12.00
# Visual Studio Version 16
VisualStudioVersion = 16.0.29020.237
MinimumVisualStudioVersion = 10.0.40219.1
Project("{9A19103F-16F7-4668-BE54-9A1E7A4F7556}") = "Mk.DemoB.Domain", "..\Mk.DemoB\src\Mk.DemoB.Domain\Mk.DemoB.Domain.csproj", "{554AD327-6DBA-4F8F-96F8-81CE7A0C863F}"
EndProject
Project("{9A19103F-16F7-4668-BE54-9A1E7A4F7556}") = "Mk.DemoB.Application", "..\Mk.DemoB\src\Mk.DemoB.Application\Mk.DemoB.Application.csproj", "{1A94A50E-06DC-43C1-80B5-B662820EC3EB}"
EndProject
Project("{9A19103F-16F7-4668-BE54-9A1E7A4F7556}") = "Mk.DemoB.EntityFrameworkCore", "..\Mk.DemoB\src\Mk.DemoB.EntityFrameworkCore\Mk.DemoB.EntityFrameworkCore.csproj", "{C956DD76-69C8-4A9C-83EA-D17DF83340FD}"
EndProject
Project("{2150E333-8FDC-42A3-9474-1A3956D46DE8}") = "03_DemoB", "03_DemoB", "{CA9AC87F-097E-4F15-8393-4BC07735A5B0}"
EndProject
Project("{9A19103F-16F7-4668-BE54-9A1E7A4F7556}") = "Mk.DemoB.EntityFrameworkCore.DbMigrations", "..\Mk.DemoB\src\Mk.DemoB.EntityFrameworkCore.DbMigrations\Mk.DemoB.EntityFrameworkCore.DbMigrations.csproj", "{0372FA84-C517-4EB3-9A9F-B9ACAC0CA5E0}"
EndProject
Project("{9A19103F-16F7-4668-BE54-9A1E7A4F7556}") = "Mk.DemoB.Domain.Shared", "..\Mk.DemoB\src\Mk.DemoB.Domain.Shared\Mk.DemoB.Domain.Shared.csproj", "{42F719ED-8413-4895-B5B4-5AB56079BC66}"
EndProject
Project("{9A19103F-16F7-4668-BE54-9A1E7A4F7556}") = "Mk.DemoB.Application.Contracts", "..\Mk.DemoB\src\Mk.DemoB.Application.Contracts\Mk.DemoB.Application.Contracts.csproj", "{520659C8-C734-4298-A3DA-B539DB9DFC0B}"
EndProject
Project("{9A19103F-16F7-4668-BE54-9A1E7A4F7556}") = "Mk.DemoB.HttpApi", "..\Mk.DemoB\src\Mk.DemoB.HttpApi\Mk.DemoB.HttpApi.csproj", "{4164BDF7-F527-4E85-9CE6-E3C2D7426A27}"
EndProject
Project("{9A19103F-16F7-4668-BE54-9A1E7A4F7556}") = "Mk.DemoB.HttpApi.Client", "..\Mk.DemoB\src\Mk.DemoB.HttpApi.Client\Mk.DemoB.HttpApi.Client.csproj", "{3B5A0094-670D-4BB1-BFDD-61B88A8773DC}"
EndProject
Project("{9A19103F-16F7-4668-BE54-9A1E7A4F7556}") = "Mk.DemoB.Web", "..\Mk.DemoB\src\Mk.DemoB.Web\Mk.DemoB.Web.csproj", "{6FE54035-9C11-4702-A5E2-D16F23101468}"
EndProject
Project("{9A19103F-16F7-4668-BE54-9A1E7A4F7556}") = "Mk.DemoB.IdentityServer", "..\Mk.DemoB\src\Mk.DemoB.IdentityServer\Mk.DemoB.IdentityServer.csproj", "{073C361E-B8F4-49F5-93CC-72A3FF49C026}"
EndProject
Project("{9A19103F-16F7-4668-BE54-9A1E7A4F7556}") = "Mk.DemoB.HttpApi.Host", "..\Mk.DemoB\src\Mk.DemoB.HttpApi.Host\Mk.DemoB.HttpApi.Host.csproj", "{E6D5BF0E-DE92-4D82-A352-EF04B37CB11C}"
EndProject
Project("{9A19103F-16F7-4668-BE54-9A1E7A4F7556}") = "Mk.DemoB.DbMigrator", "..\Mk.DemoB\src\Mk.DemoB.DbMigrator\Mk.DemoB.DbMigrator.csproj", "{AA94D832-1CCC-4715-95A9-A483F23A1A5D}"
EndProject
Project("{2150E333-8FDC-42A3-9474-1A3956D46DE8}") = "02_Framework", "02_Framework", "{408C61DE-C824-4BA2-8EE7-CE571EA864B5}"
EndProject
Project("{9A19103F-16F7-4668-BE54-9A1E7A4F7556}") = "Leopard.Abp.AuditLogging.EntityFrameworkCore", "src\Leopard.Abp.AuditLogging.EntityFrameworkCore\Leopard.Abp.AuditLogging.EntityFrameworkCore.csproj", "{2286288C-A1B4-43A2-BC81-2F7A547EBBDC}"
EndProject
Project("{9A19103F-16F7-4668-BE54-9A1E7A4F7556}") = "Leopard.Abp.BackgroundJobs.EntityFrameworkCore", "src\Leopard.Abp.BackgroundJobs.EntityFrameworkCore\Leopard.Abp.BackgroundJobs.EntityFrameworkCore.csproj", "{4E35CB26-8CE4-4713-817F-D05931B70CA7}"
EndProject
Project("{9A19103F-16F7-4668-BE54-9A1E7A4F7556}") = "Leopard.Abp.FeatureManagement.EntityFrameworkCore", "src\Leopard.Abp.FeatureManagement.EntityFrameworkCore\Leopard.Abp.FeatureManagement.EntityFrameworkCore.csproj", "{7B507CDE-BB9C-4D4C-A97A-678236D5C3E5}"
EndProject
Project("{9A19103F-16F7-4668-BE54-9A1E7A4F7556}") = "Leopard.Abp.Identity.EntityFrameworkCore", "src\Leopard.Abp.Identity.EntityFrameworkCore\Leopard.Abp.Identity.EntityFrameworkCore.csproj", "{A2068F02-6809-4601-83AF-A06B880F4B2E}"
EndProject
Project("{9A19103F-16F7-4668-BE54-9A1E7A4F7556}") = "Leopard.Abp.IdentityServer.EntityFrameworkCore", "src\Leopard.Abp.IdentityServer.EntityFrameworkCore\Leopard.Abp.IdentityServer.EntityFrameworkCore.csproj", "{6F706607-EE77-420F-8C25-09CC05ACB799}"
EndProject
Project("{9A19103F-16F7-4668-BE54-9A1E7A4F7556}") = "Leopard.Abp.SettingManagement.EntityFrameworkCore", "src\Leopard.Abp.SettingManagement.EntityFrameworkCore\Leopard.Abp.SettingManagement.EntityFrameworkCore.csproj", "{A7FC3289-1450-458B-B6FE-68A8926C094B}"
EndProject
Project("{9A19103F-16F7-4668-BE54-9A1E7A4F7556}") = "Leopard.Abp.TenantManagement.EntityFrameworkCore", "src\Leopard.Abp.TenantManagement.EntityFrameworkCore\Leopard.Abp.TenantManagement.EntityFrameworkCore.csproj", "{4EA73EAF-20AA-4559-8157-09F5D003E59C}"
EndProject
Project("{9A19103F-16F7-4668-BE54-9A1E7A4F7556}") = "Leopard.Abp.PermissionManagement.EntityFrameworkCore", "src\Leopard.Abp.PermissionManagement.EntityFrameworkCore\Leopard.Abp.PermissionManagement.EntityFrameworkCore.csproj", "{4A827D0D-44D9-4F86-8158-A3F1B12F1950}"
EndProject
Project("{9A19103F-16F7-4668-BE54-9A1E7A4F7556}") = "Leopard.Core", "src\Leopard.Core\Leopard.Core.csproj", "{8B34E5EC-1B0E-41ED-872B-7905023E966A}"
EndProject
Project("{9A19103F-16F7-4668-BE54-9A1E7A4F7556}") = "Leopard.EntityFrameworkCore", "src\Leopard.EntityFrameworkCore\Leopard.EntityFrameworkCore.csproj", "{F34CB1A6-4FF2-4161-8365-CAE4E0DD654E}"
EndProject
Project("{2150E333-8FDC-42A3-9474-1A3956D46DE8}") = "01_Document", "01_Document", "{84486000-F07B-4972-93C3-22A0BFE00898}"
	ProjectSection(SolutionItems) = preProject
		..\Doc\architecture instructions.txt = ..\Doc\architecture instructions.txt
		..\Doc\my_demo.txt = ..\Doc\my_demo.txt
	EndProjectSection
EndProject
Project("{9A19103F-16F7-4668-BE54-9A1E7A4F7556}") = "Mk.DemoB.BackgroundJobs", "..\Mk.DemoB\src\Mk.DemoB.BackgroundJobs\Mk.DemoB.BackgroundJobs.csproj", "{E7E1C844-2434-44D8-8060-8F145785722C}"
EndProject
Global
	GlobalSection(SolutionConfigurationPlatforms) = preSolution
		Debug|Any CPU = Debug|Any CPU
		Release|Any CPU = Release|Any CPU
	EndGlobalSection
	GlobalSection(ProjectConfigurationPlatforms) = postSolution
		{554AD327-6DBA-4F8F-96F8-81CE7A0C863F}.Debug|Any CPU.ActiveCfg = Debug|Any CPU
		{554AD327-6DBA-4F8F-96F8-81CE7A0C863F}.Debug|Any CPU.Build.0 = Debug|Any CPU
		{554AD327-6DBA-4F8F-96F8-81CE7A0C863F}.Release|Any CPU.ActiveCfg = Release|Any CPU
		{554AD327-6DBA-4F8F-96F8-81CE7A0C863F}.Release|Any CPU.Build.0 = Release|Any CPU
		{1A94A50E-06DC-43C1-80B5-B662820EC3EB}.Debug|Any CPU.ActiveCfg = Debug|Any CPU
		{1A94A50E-06DC-43C1-80B5-B662820EC3EB}.Debug|Any CPU.Build.0 = Debug|Any CPU
		{1A94A50E-06DC-43C1-80B5-B662820EC3EB}.Release|Any CPU.ActiveCfg = Release|Any CPU
		{1A94A50E-06DC-43C1-80B5-B662820EC3EB}.Release|Any CPU.Build.0 = Release|Any CPU
		{C956DD76-69C8-4A9C-83EA-D17DF83340FD}.Debug|Any CPU.ActiveCfg = Debug|Any CPU
		{C956DD76-69C8-4A9C-83EA-D17DF83340FD}.Debug|Any CPU.Build.0 = Debug|Any CPU
		{C956DD76-69C8-4A9C-83EA-D17DF83340FD}.Release|Any CPU.ActiveCfg = Release|Any CPU
		{C956DD76-69C8-4A9C-83EA-D17DF83340FD}.Release|Any CPU.Build.0 = Release|Any CPU
		{0372FA84-C517-4EB3-9A9F-B9ACAC0CA5E0}.Debug|Any CPU.ActiveCfg = Debug|Any CPU
		{0372FA84-C517-4EB3-9A9F-B9ACAC0CA5E0}.Debug|Any CPU.Build.0 = Debug|Any CPU
		{0372FA84-C517-4EB3-9A9F-B9ACAC0CA5E0}.Release|Any CPU.ActiveCfg = Release|Any CPU
		{0372FA84-C517-4EB3-9A9F-B9ACAC0CA5E0}.Release|Any CPU.Build.0 = Release|Any CPU
		{42F719ED-8413-4895-B5B4-5AB56079BC66}.Debug|Any CPU.ActiveCfg = Debug|Any CPU
		{42F719ED-8413-4895-B5B4-5AB56079BC66}.Debug|Any CPU.Build.0 = Debug|Any CPU
		{42F719ED-8413-4895-B5B4-5AB56079BC66}.Release|Any CPU.ActiveCfg = Release|Any CPU
		{42F719ED-8413-4895-B5B4-5AB56079BC66}.Release|Any CPU.Build.0 = Release|Any CPU
		{520659C8-C734-4298-A3DA-B539DB9DFC0B}.Debug|Any CPU.ActiveCfg = Debug|Any CPU
		{520659C8-C734-4298-A3DA-B539DB9DFC0B}.Debug|Any CPU.Build.0 = Debug|Any CPU
		{520659C8-C734-4298-A3DA-B539DB9DFC0B}.Release|Any CPU.ActiveCfg = Release|Any CPU
		{520659C8-C734-4298-A3DA-B539DB9DFC0B}.Release|Any CPU.Build.0 = Release|Any CPU
		{4164BDF7-F527-4E85-9CE6-E3C2D7426A27}.Debug|Any CPU.ActiveCfg = Debug|Any CPU
		{4164BDF7-F527-4E85-9CE6-E3C2D7426A27}.Debug|Any CPU.Build.0 = Debug|Any CPU
		{4164BDF7-F527-4E85-9CE6-E3C2D7426A27}.Release|Any CPU.ActiveCfg = Release|Any CPU
		{4164BDF7-F527-4E85-9CE6-E3C2D7426A27}.Release|Any CPU.Build.0 = Release|Any CPU
		{3B5A0094-670D-4BB1-BFDD-61B88A8773DC}.Debug|Any CPU.ActiveCfg = Debug|Any CPU
		{3B5A0094-670D-4BB1-BFDD-61B88A8773DC}.Debug|Any CPU.Build.0 = Debug|Any CPU
		{3B5A0094-670D-4BB1-BFDD-61B88A8773DC}.Release|Any CPU.ActiveCfg = Release|Any CPU
		{3B5A0094-670D-4BB1-BFDD-61B88A8773DC}.Release|Any CPU.Build.0 = Release|Any CPU
		{6FE54035-9C11-4702-A5E2-D16F23101468}.Debug|Any CPU.ActiveCfg = Debug|Any CPU
		{6FE54035-9C11-4702-A5E2-D16F23101468}.Debug|Any CPU.Build.0 = Debug|Any CPU
		{6FE54035-9C11-4702-A5E2-D16F23101468}.Release|Any CPU.ActiveCfg = Release|Any CPU
		{6FE54035-9C11-4702-A5E2-D16F23101468}.Release|Any CPU.Build.0 = Release|Any CPU
		{073C361E-B8F4-49F5-93CC-72A3FF49C026}.Debug|Any CPU.ActiveCfg = Debug|Any CPU
		{073C361E-B8F4-49F5-93CC-72A3FF49C026}.Debug|Any CPU.Build.0 = Debug|Any CPU
		{073C361E-B8F4-49F5-93CC-72A3FF49C026}.Release|Any CPU.ActiveCfg = Release|Any CPU
		{073C361E-B8F4-49F5-93CC-72A3FF49C026}.Release|Any CPU.Build.0 = Release|Any CPU
		{E6D5BF0E-DE92-4D82-A352-EF04B37CB11C}.Debug|Any CPU.ActiveCfg = Debug|Any CPU
		{E6D5BF0E-DE92-4D82-A352-EF04B37CB11C}.Debug|Any CPU.Build.0 = Debug|Any CPU
		{E6D5BF0E-DE92-4D82-A352-EF04B37CB11C}.Release|Any CPU.ActiveCfg = Release|Any CPU
		{E6D5BF0E-DE92-4D82-A352-EF04B37CB11C}.Release|Any CPU.Build.0 = Release|Any CPU
		{AA94D832-1CCC-4715-95A9-A483F23A1A5D}.Debug|Any CPU.ActiveCfg = Debug|Any CPU
		{AA94D832-1CCC-4715-95A9-A483F23A1A5D}.Debug|Any CPU.Build.0 = Debug|Any CPU
		{AA94D832-1CCC-4715-95A9-A483F23A1A5D}.Release|Any CPU.ActiveCfg = Release|Any CPU
		{AA94D832-1CCC-4715-95A9-A483F23A1A5D}.Release|Any CPU.Build.0 = Release|Any CPU
		{2286288C-A1B4-43A2-BC81-2F7A547EBBDC}.Debug|Any CPU.ActiveCfg = Debug|Any CPU
		{2286288C-A1B4-43A2-BC81-2F7A547EBBDC}.Debug|Any CPU.Build.0 = Debug|Any CPU
		{2286288C-A1B4-43A2-BC81-2F7A547EBBDC}.Release|Any CPU.ActiveCfg = Release|Any CPU
		{2286288C-A1B4-43A2-BC81-2F7A547EBBDC}.Release|Any CPU.Build.0 = Release|Any CPU
		{4E35CB26-8CE4-4713-817F-D05931B70CA7}.Debug|Any CPU.ActiveCfg = Debug|Any CPU
		{4E35CB26-8CE4-4713-817F-D05931B70CA7}.Debug|Any CPU.Build.0 = Debug|Any CPU
		{4E35CB26-8CE4-4713-817F-D05931B70CA7}.Release|Any CPU.ActiveCfg = Release|Any CPU
		{4E35CB26-8CE4-4713-817F-D05931B70CA7}.Release|Any CPU.Build.0 = Release|Any CPU
		{7B507CDE-BB9C-4D4C-A97A-678236D5C3E5}.Debug|Any CPU.ActiveCfg = Debug|Any CPU
		{7B507CDE-BB9C-4D4C-A97A-678236D5C3E5}.Debug|Any CPU.Build.0 = Debug|Any CPU
		{7B507CDE-BB9C-4D4C-A97A-678236D5C3E5}.Release|Any CPU.ActiveCfg = Release|Any CPU
		{7B507CDE-BB9C-4D4C-A97A-678236D5C3E5}.Release|Any CPU.Build.0 = Release|Any CPU
		{A2068F02-6809-4601-83AF-A06B880F4B2E}.Debug|Any CPU.ActiveCfg = Debug|Any CPU
		{A2068F02-6809-4601-83AF-A06B880F4B2E}.Debug|Any CPU.Build.0 = Debug|Any CPU
		{A2068F02-6809-4601-83AF-A06B880F4B2E}.Release|Any CPU.ActiveCfg = Release|Any CPU
		{A2068F02-6809-4601-83AF-A06B880F4B2E}.Release|Any CPU.Build.0 = Release|Any CPU
		{6F706607-EE77-420F-8C25-09CC05ACB799}.Debug|Any CPU.ActiveCfg = Debug|Any CPU
		{6F706607-EE77-420F-8C25-09CC05ACB799}.Debug|Any CPU.Build.0 = Debug|Any CPU
		{6F706607-EE77-420F-8C25-09CC05ACB799}.Release|Any CPU.ActiveCfg = Release|Any CPU
		{6F706607-EE77-420F-8C25-09CC05ACB799}.Release|Any CPU.Build.0 = Release|Any CPU
		{A7FC3289-1450-458B-B6FE-68A8926C094B}.Debug|Any CPU.ActiveCfg = Debug|Any CPU
		{A7FC3289-1450-458B-B6FE-68A8926C094B}.Debug|Any CPU.Build.0 = Debug|Any CPU
		{A7FC3289-1450-458B-B6FE-68A8926C094B}.Release|Any CPU.ActiveCfg = Release|Any CPU
		{A7FC3289-1450-458B-B6FE-68A8926C094B}.Release|Any CPU.Build.0 = Release|Any CPU
		{4EA73EAF-20AA-4559-8157-09F5D003E59C}.Debug|Any CPU.ActiveCfg = Debug|Any CPU
		{4EA73EAF-20AA-4559-8157-09F5D003E59C}.Debug|Any CPU.Build.0 = Debug|Any CPU
		{4EA73EAF-20AA-4559-8157-09F5D003E59C}.Release|Any CPU.ActiveCfg = Release|Any CPU
		{4EA73EAF-20AA-4559-8157-09F5D003E59C}.Release|Any CPU.Build.0 = Release|Any CPU
		{4A827D0D-44D9-4F86-8158-A3F1B12F1950}.Debug|Any CPU.ActiveCfg = Debug|Any CPU
		{4A827D0D-44D9-4F86-8158-A3F1B12F1950}.Debug|Any CPU.Build.0 = Debug|Any CPU
		{4A827D0D-44D9-4F86-8158-A3F1B12F1950}.Release|Any CPU.ActiveCfg = Release|Any CPU
		{4A827D0D-44D9-4F86-8158-A3F1B12F1950}.Release|Any CPU.Build.0 = Release|Any CPU
		{8B34E5EC-1B0E-41ED-872B-7905023E966A}.Debug|Any CPU.ActiveCfg = Debug|Any CPU
		{8B34E5EC-1B0E-41ED-872B-7905023E966A}.Debug|Any CPU.Build.0 = Debug|Any CPU
		{8B34E5EC-1B0E-41ED-872B-7905023E966A}.Release|Any CPU.ActiveCfg = Release|Any CPU
		{8B34E5EC-1B0E-41ED-872B-7905023E966A}.Release|Any CPU.Build.0 = Release|Any CPU
		{F34CB1A6-4FF2-4161-8365-CAE4E0DD654E}.Debug|Any CPU.ActiveCfg = Debug|Any CPU
		{F34CB1A6-4FF2-4161-8365-CAE4E0DD654E}.Debug|Any CPU.Build.0 = Debug|Any CPU
		{F34CB1A6-4FF2-4161-8365-CAE4E0DD654E}.Release|Any CPU.ActiveCfg = Release|Any CPU
		{F34CB1A6-4FF2-4161-8365-CAE4E0DD654E}.Release|Any CPU.Build.0 = Release|Any CPU
		{E7E1C844-2434-44D8-8060-8F145785722C}.Debug|Any CPU.ActiveCfg = Debug|Any CPU
		{E7E1C844-2434-44D8-8060-8F145785722C}.Debug|Any CPU.Build.0 = Debug|Any CPU
		{E7E1C844-2434-44D8-8060-8F145785722C}.Release|Any CPU.ActiveCfg = Release|Any CPU
		{E7E1C844-2434-44D8-8060-8F145785722C}.Release|Any CPU.Build.0 = Release|Any CPU
	EndGlobalSection
	GlobalSection(SolutionProperties) = preSolution
		HideSolutionNode = FALSE
	EndGlobalSection
	GlobalSection(NestedProjects) = preSolution
		{554AD327-6DBA-4F8F-96F8-81CE7A0C863F} = {CA9AC87F-097E-4F15-8393-4BC07735A5B0}
		{1A94A50E-06DC-43C1-80B5-B662820EC3EB} = {CA9AC87F-097E-4F15-8393-4BC07735A5B0}
		{C956DD76-69C8-4A9C-83EA-D17DF83340FD} = {CA9AC87F-097E-4F15-8393-4BC07735A5B0}
		{0372FA84-C517-4EB3-9A9F-B9ACAC0CA5E0} = {CA9AC87F-097E-4F15-8393-4BC07735A5B0}
		{42F719ED-8413-4895-B5B4-5AB56079BC66} = {CA9AC87F-097E-4F15-8393-4BC07735A5B0}
		{520659C8-C734-4298-A3DA-B539DB9DFC0B} = {CA9AC87F-097E-4F15-8393-4BC07735A5B0}
		{4164BDF7-F527-4E85-9CE6-E3C2D7426A27} = {CA9AC87F-097E-4F15-8393-4BC07735A5B0}
		{3B5A0094-670D-4BB1-BFDD-61B88A8773DC} = {CA9AC87F-097E-4F15-8393-4BC07735A5B0}
		{6FE54035-9C11-4702-A5E2-D16F23101468} = {CA9AC87F-097E-4F15-8393-4BC07735A5B0}
		{073C361E-B8F4-49F5-93CC-72A3FF49C026} = {CA9AC87F-097E-4F15-8393-4BC07735A5B0}
		{E6D5BF0E-DE92-4D82-A352-EF04B37CB11C} = {CA9AC87F-097E-4F15-8393-4BC07735A5B0}
		{AA94D832-1CCC-4715-95A9-A483F23A1A5D} = {CA9AC87F-097E-4F15-8393-4BC07735A5B0}
		{2286288C-A1B4-43A2-BC81-2F7A547EBBDC} = {408C61DE-C824-4BA2-8EE7-CE571EA864B5}
		{4E35CB26-8CE4-4713-817F-D05931B70CA7} = {408C61DE-C824-4BA2-8EE7-CE571EA864B5}
		{7B507CDE-BB9C-4D4C-A97A-678236D5C3E5} = {408C61DE-C824-4BA2-8EE7-CE571EA864B5}
		{A2068F02-6809-4601-83AF-A06B880F4B2E} = {408C61DE-C824-4BA2-8EE7-CE571EA864B5}
		{6F706607-EE77-420F-8C25-09CC05ACB799} = {408C61DE-C824-4BA2-8EE7-CE571EA864B5}
		{A7FC3289-1450-458B-B6FE-68A8926C094B} = {408C61DE-C824-4BA2-8EE7-CE571EA864B5}
		{4EA73EAF-20AA-4559-8157-09F5D003E59C} = {408C61DE-C824-4BA2-8EE7-CE571EA864B5}
		{4A827D0D-44D9-4F86-8158-A3F1B12F1950} = {408C61DE-C824-4BA2-8EE7-CE571EA864B5}
		{8B34E5EC-1B0E-41ED-872B-7905023E966A} = {408C61DE-C824-4BA2-8EE7-CE571EA864B5}
		{F34CB1A6-4FF2-4161-8365-CAE4E0DD654E} = {408C61DE-C824-4BA2-8EE7-CE571EA864B5}
		{E7E1C844-2434-44D8-8060-8F145785722C} = {CA9AC87F-097E-4F15-8393-4BC07735A5B0}
	EndGlobalSection
	GlobalSection(ExtensibilityGlobals) = postSolution
		SolutionGuid = {28315BFD-90E7-4E14-A2EA-F3D23AF4126F}
	EndGlobalSection
EndGlobal
