
Microsoft Visual Studio Solution File, Format Version 12.00
# Visual Studio Version 17
VisualStudioVersion = 17.0.32014.148
MinimumVisualStudioVersion = 10.0.40219.1
Project("{2150E333-8FDC-42A3-9474-1A3956D46DE8}") = "02_Framework", "02_Framework", "{408C61DE-C824-4BA2-8EE7-CE571EA864B5}"
EndProject
Project("{9A19103F-16F7-4668-BE54-9A1E7A4F7556}") = "Leopard", "src\Leopard.Core\Leopard.csproj", "{8B34E5EC-1B0E-41ED-872B-7905023E966A}"
EndProject
Project("{9A19103F-16F7-4668-BE54-9A1E7A4F7556}") = "Leopard.EntityFrameworkCore", "src\Leopard.EntityFrameworkCore\Leopard.EntityFrameworkCore.csproj", "{F34CB1A6-4FF2-4161-8365-CAE4E0DD654E}"
EndProject
Project("{9A19103F-16F7-4668-BE54-9A1E7A4F7556}") = "Leopard.AspNetCore.Mvc", "src\Leopard.AspNetCore.Mvc\Leopard.AspNetCore.Mvc.csproj", "{BA1218D5-7F58-4209-91AF-44761CBE9421}"
EndProject
Project("{9A19103F-16F7-4668-BE54-9A1E7A4F7556}") = "Leopard.Domain.Share", "src\Leopard.Domain.Share\Leopard.Domain.Share.csproj", "{E09BC551-2A2E-4A8B-B903-40CD0969A51A}"
EndProject
Project("{9A19103F-16F7-4668-BE54-9A1E7A4F7556}") = "Leopard.Consul", "src\Leopard.Consul\Leopard.Consul.csproj", "{01D5AB23-4029-4DC7-A041-0D510C099F49}"
EndProject
Project("{9A19103F-16F7-4668-BE54-9A1E7A4F7556}") = "Leopard.AspNetCore.Swashbuckle", "src\Leopard.AspNetCore.Swashbuckle\Leopard.AspNetCore.Swashbuckle.csproj", "{7FEFE25B-8CBE-4625-9F83-EB069AADDFDC}"
EndProject
Project("{2150E333-8FDC-42A3-9474-1A3956D46DE8}") = "01_Document", "01_Document", "{09CFB583-D5A3-4631-A3FD-2C95226F4ACB}"
EndProject
Project("{9A19103F-16F7-4668-BE54-9A1E7A4F7556}") = "开发文档", "_doc\开发文档\开发文档.csproj", "{DF5B844A-D99B-4F83-B0A8-0FD3C2DFF21C}"
EndProject
Project("{9A19103F-16F7-4668-BE54-9A1E7A4F7556}") = "Leopard.AspNetCore.Serilog", "src\Leopard.AspNetCore.Serilog\Leopard.AspNetCore.Serilog.csproj", "{29906DB2-CA4F-446D-B8CF-B95609F87C0E}"
EndProject
Project("{9A19103F-16F7-4668-BE54-9A1E7A4F7556}") = "Leopard.Host", "src\Leopard.Host\Leopard.Host.csproj", "{16530019-96EA-4395-8A37-C1AD2D46EE2A}"
EndProject
Project("{9A19103F-16F7-4668-BE54-9A1E7A4F7556}") = "Leopard.UI.Navigation", "src\Leopard.UI.Navigation\Leopard.UI.Navigation.csproj", "{00287B32-DAF2-469F-9716-4B594C633B60}"
EndProject
Project("{9A19103F-16F7-4668-BE54-9A1E7A4F7556}") = "Leopard.Gateway", "src\Leopard.Gateway\Leopard.Gateway.csproj", "{ACF99A77-9C15-47AE-BCCA-86D1E41143E9}"
EndProject
Project("{9A19103F-16F7-4668-BE54-9A1E7A4F7556}") = "Leopard.Shared", "src\Leopard.Shared\Leopard.Shared.csproj", "{D12FA885-CC57-4FEE-A2CA-E8A4F956D70D}"
EndProject
Project("{2150E333-8FDC-42A3-9474-1A3956D46DE8}") = "Utils", "Utils", "{E557CC6C-E93A-433D-A1ED-D3DEDA6669CC}"
EndProject
Project("{9A19103F-16F7-4668-BE54-9A1E7A4F7556}") = "Leopard.Utils", "src\Leopard.Utils\Leopard.Utils.csproj", "{71E3F56F-7A07-47AF-9235-0B330E8629E3}"
EndProject
Project("{9A19103F-16F7-4668-BE54-9A1E7A4F7556}") = "Leopard.Utils.Win", "src\Leopard.Utils.Win\Leopard.Utils.Win.csproj", "{D5234479-F2B9-4207-871F-155AF01EDB89}"
EndProject
Project("{9A19103F-16F7-4668-BE54-9A1E7A4F7556}") = "Leopard.Utils.JsonSchema", "src\Leopard.Utils.JsonSchema\Leopard.Utils.JsonSchema.csproj", "{C0A09230-7711-4942-B2E4-23147A33B76C}"
EndProject
Global
	GlobalSection(SolutionConfigurationPlatforms) = preSolution
		Debug|Any CPU = Debug|Any CPU
		Debug|x86 = Debug|x86
		Release|Any CPU = Release|Any CPU
		Release|x86 = Release|x86
	EndGlobalSection
	GlobalSection(ProjectConfigurationPlatforms) = postSolution
		{8B34E5EC-1B0E-41ED-872B-7905023E966A}.Debug|Any CPU.ActiveCfg = Debug|Any CPU
		{8B34E5EC-1B0E-41ED-872B-7905023E966A}.Debug|Any CPU.Build.0 = Debug|Any CPU
		{8B34E5EC-1B0E-41ED-872B-7905023E966A}.Debug|x86.ActiveCfg = Debug|Any CPU
		{8B34E5EC-1B0E-41ED-872B-7905023E966A}.Debug|x86.Build.0 = Debug|Any CPU
		{8B34E5EC-1B0E-41ED-872B-7905023E966A}.Release|Any CPU.ActiveCfg = Release|Any CPU
		{8B34E5EC-1B0E-41ED-872B-7905023E966A}.Release|Any CPU.Build.0 = Release|Any CPU
		{8B34E5EC-1B0E-41ED-872B-7905023E966A}.Release|x86.ActiveCfg = Release|Any CPU
		{8B34E5EC-1B0E-41ED-872B-7905023E966A}.Release|x86.Build.0 = Release|Any CPU
		{F34CB1A6-4FF2-4161-8365-CAE4E0DD654E}.Debug|Any CPU.ActiveCfg = Debug|Any CPU
		{F34CB1A6-4FF2-4161-8365-CAE4E0DD654E}.Debug|Any CPU.Build.0 = Debug|Any CPU
		{F34CB1A6-4FF2-4161-8365-CAE4E0DD654E}.Debug|x86.ActiveCfg = Debug|Any CPU
		{F34CB1A6-4FF2-4161-8365-CAE4E0DD654E}.Debug|x86.Build.0 = Debug|Any CPU
		{F34CB1A6-4FF2-4161-8365-CAE4E0DD654E}.Release|Any CPU.ActiveCfg = Release|Any CPU
		{F34CB1A6-4FF2-4161-8365-CAE4E0DD654E}.Release|Any CPU.Build.0 = Release|Any CPU
		{F34CB1A6-4FF2-4161-8365-CAE4E0DD654E}.Release|x86.ActiveCfg = Release|Any CPU
		{F34CB1A6-4FF2-4161-8365-CAE4E0DD654E}.Release|x86.Build.0 = Release|Any CPU
		{BA1218D5-7F58-4209-91AF-44761CBE9421}.Debug|Any CPU.ActiveCfg = Debug|Any CPU
		{BA1218D5-7F58-4209-91AF-44761CBE9421}.Debug|Any CPU.Build.0 = Debug|Any CPU
		{BA1218D5-7F58-4209-91AF-44761CBE9421}.Debug|x86.ActiveCfg = Debug|Any CPU
		{BA1218D5-7F58-4209-91AF-44761CBE9421}.Debug|x86.Build.0 = Debug|Any CPU
		{BA1218D5-7F58-4209-91AF-44761CBE9421}.Release|Any CPU.ActiveCfg = Release|Any CPU
		{BA1218D5-7F58-4209-91AF-44761CBE9421}.Release|Any CPU.Build.0 = Release|Any CPU
		{BA1218D5-7F58-4209-91AF-44761CBE9421}.Release|x86.ActiveCfg = Release|Any CPU
		{BA1218D5-7F58-4209-91AF-44761CBE9421}.Release|x86.Build.0 = Release|Any CPU
		{E09BC551-2A2E-4A8B-B903-40CD0969A51A}.Debug|Any CPU.ActiveCfg = Debug|Any CPU
		{E09BC551-2A2E-4A8B-B903-40CD0969A51A}.Debug|Any CPU.Build.0 = Debug|Any CPU
		{E09BC551-2A2E-4A8B-B903-40CD0969A51A}.Debug|x86.ActiveCfg = Debug|Any CPU
		{E09BC551-2A2E-4A8B-B903-40CD0969A51A}.Debug|x86.Build.0 = Debug|Any CPU
		{E09BC551-2A2E-4A8B-B903-40CD0969A51A}.Release|Any CPU.ActiveCfg = Release|Any CPU
		{E09BC551-2A2E-4A8B-B903-40CD0969A51A}.Release|Any CPU.Build.0 = Release|Any CPU
		{E09BC551-2A2E-4A8B-B903-40CD0969A51A}.Release|x86.ActiveCfg = Release|Any CPU
		{E09BC551-2A2E-4A8B-B903-40CD0969A51A}.Release|x86.Build.0 = Release|Any CPU
		{01D5AB23-4029-4DC7-A041-0D510C099F49}.Debug|Any CPU.ActiveCfg = Debug|Any CPU
		{01D5AB23-4029-4DC7-A041-0D510C099F49}.Debug|Any CPU.Build.0 = Debug|Any CPU
		{01D5AB23-4029-4DC7-A041-0D510C099F49}.Debug|x86.ActiveCfg = Debug|Any CPU
		{01D5AB23-4029-4DC7-A041-0D510C099F49}.Debug|x86.Build.0 = Debug|Any CPU
		{01D5AB23-4029-4DC7-A041-0D510C099F49}.Release|Any CPU.ActiveCfg = Release|Any CPU
		{01D5AB23-4029-4DC7-A041-0D510C099F49}.Release|Any CPU.Build.0 = Release|Any CPU
		{01D5AB23-4029-4DC7-A041-0D510C099F49}.Release|x86.ActiveCfg = Release|Any CPU
		{01D5AB23-4029-4DC7-A041-0D510C099F49}.Release|x86.Build.0 = Release|Any CPU
		{7FEFE25B-8CBE-4625-9F83-EB069AADDFDC}.Debug|Any CPU.ActiveCfg = Debug|Any CPU
		{7FEFE25B-8CBE-4625-9F83-EB069AADDFDC}.Debug|Any CPU.Build.0 = Debug|Any CPU
		{7FEFE25B-8CBE-4625-9F83-EB069AADDFDC}.Debug|x86.ActiveCfg = Debug|Any CPU
		{7FEFE25B-8CBE-4625-9F83-EB069AADDFDC}.Debug|x86.Build.0 = Debug|Any CPU
		{7FEFE25B-8CBE-4625-9F83-EB069AADDFDC}.Release|Any CPU.ActiveCfg = Release|Any CPU
		{7FEFE25B-8CBE-4625-9F83-EB069AADDFDC}.Release|Any CPU.Build.0 = Release|Any CPU
		{7FEFE25B-8CBE-4625-9F83-EB069AADDFDC}.Release|x86.ActiveCfg = Release|Any CPU
		{7FEFE25B-8CBE-4625-9F83-EB069AADDFDC}.Release|x86.Build.0 = Release|Any CPU
		{DF5B844A-D99B-4F83-B0A8-0FD3C2DFF21C}.Debug|Any CPU.ActiveCfg = Debug|Any CPU
		{DF5B844A-D99B-4F83-B0A8-0FD3C2DFF21C}.Debug|Any CPU.Build.0 = Debug|Any CPU
		{DF5B844A-D99B-4F83-B0A8-0FD3C2DFF21C}.Debug|x86.ActiveCfg = Debug|Any CPU
		{DF5B844A-D99B-4F83-B0A8-0FD3C2DFF21C}.Debug|x86.Build.0 = Debug|Any CPU
		{DF5B844A-D99B-4F83-B0A8-0FD3C2DFF21C}.Release|Any CPU.ActiveCfg = Release|Any CPU
		{DF5B844A-D99B-4F83-B0A8-0FD3C2DFF21C}.Release|Any CPU.Build.0 = Release|Any CPU
		{DF5B844A-D99B-4F83-B0A8-0FD3C2DFF21C}.Release|x86.ActiveCfg = Release|Any CPU
		{DF5B844A-D99B-4F83-B0A8-0FD3C2DFF21C}.Release|x86.Build.0 = Release|Any CPU
		{29906DB2-CA4F-446D-B8CF-B95609F87C0E}.Debug|Any CPU.ActiveCfg = Debug|Any CPU
		{29906DB2-CA4F-446D-B8CF-B95609F87C0E}.Debug|Any CPU.Build.0 = Debug|Any CPU
		{29906DB2-CA4F-446D-B8CF-B95609F87C0E}.Debug|x86.ActiveCfg = Debug|Any CPU
		{29906DB2-CA4F-446D-B8CF-B95609F87C0E}.Debug|x86.Build.0 = Debug|Any CPU
		{29906DB2-CA4F-446D-B8CF-B95609F87C0E}.Release|Any CPU.ActiveCfg = Release|Any CPU
		{29906DB2-CA4F-446D-B8CF-B95609F87C0E}.Release|Any CPU.Build.0 = Release|Any CPU
		{29906DB2-CA4F-446D-B8CF-B95609F87C0E}.Release|x86.ActiveCfg = Release|Any CPU
		{29906DB2-CA4F-446D-B8CF-B95609F87C0E}.Release|x86.Build.0 = Release|Any CPU
		{16530019-96EA-4395-8A37-C1AD2D46EE2A}.Debug|Any CPU.ActiveCfg = Debug|Any CPU
		{16530019-96EA-4395-8A37-C1AD2D46EE2A}.Debug|Any CPU.Build.0 = Debug|Any CPU
		{16530019-96EA-4395-8A37-C1AD2D46EE2A}.Debug|x86.ActiveCfg = Debug|Any CPU
		{16530019-96EA-4395-8A37-C1AD2D46EE2A}.Debug|x86.Build.0 = Debug|Any CPU
		{16530019-96EA-4395-8A37-C1AD2D46EE2A}.Release|Any CPU.ActiveCfg = Release|Any CPU
		{16530019-96EA-4395-8A37-C1AD2D46EE2A}.Release|Any CPU.Build.0 = Release|Any CPU
		{16530019-96EA-4395-8A37-C1AD2D46EE2A}.Release|x86.ActiveCfg = Release|Any CPU
		{16530019-96EA-4395-8A37-C1AD2D46EE2A}.Release|x86.Build.0 = Release|Any CPU
		{00287B32-DAF2-469F-9716-4B594C633B60}.Debug|Any CPU.ActiveCfg = Debug|Any CPU
		{00287B32-DAF2-469F-9716-4B594C633B60}.Debug|Any CPU.Build.0 = Debug|Any CPU
		{00287B32-DAF2-469F-9716-4B594C633B60}.Debug|x86.ActiveCfg = Debug|Any CPU
		{00287B32-DAF2-469F-9716-4B594C633B60}.Debug|x86.Build.0 = Debug|Any CPU
		{00287B32-DAF2-469F-9716-4B594C633B60}.Release|Any CPU.ActiveCfg = Release|Any CPU
		{00287B32-DAF2-469F-9716-4B594C633B60}.Release|Any CPU.Build.0 = Release|Any CPU
		{00287B32-DAF2-469F-9716-4B594C633B60}.Release|x86.ActiveCfg = Release|Any CPU
		{00287B32-DAF2-469F-9716-4B594C633B60}.Release|x86.Build.0 = Release|Any CPU
		{ACF99A77-9C15-47AE-BCCA-86D1E41143E9}.Debug|Any CPU.ActiveCfg = Debug|Any CPU
		{ACF99A77-9C15-47AE-BCCA-86D1E41143E9}.Debug|Any CPU.Build.0 = Debug|Any CPU
		{ACF99A77-9C15-47AE-BCCA-86D1E41143E9}.Debug|x86.ActiveCfg = Debug|Any CPU
		{ACF99A77-9C15-47AE-BCCA-86D1E41143E9}.Debug|x86.Build.0 = Debug|Any CPU
		{ACF99A77-9C15-47AE-BCCA-86D1E41143E9}.Release|Any CPU.ActiveCfg = Release|Any CPU
		{ACF99A77-9C15-47AE-BCCA-86D1E41143E9}.Release|Any CPU.Build.0 = Release|Any CPU
		{ACF99A77-9C15-47AE-BCCA-86D1E41143E9}.Release|x86.ActiveCfg = Release|Any CPU
		{ACF99A77-9C15-47AE-BCCA-86D1E41143E9}.Release|x86.Build.0 = Release|Any CPU
		{D12FA885-CC57-4FEE-A2CA-E8A4F956D70D}.Debug|Any CPU.ActiveCfg = Debug|Any CPU
		{D12FA885-CC57-4FEE-A2CA-E8A4F956D70D}.Debug|Any CPU.Build.0 = Debug|Any CPU
		{D12FA885-CC57-4FEE-A2CA-E8A4F956D70D}.Debug|x86.ActiveCfg = Debug|Any CPU
		{D12FA885-CC57-4FEE-A2CA-E8A4F956D70D}.Debug|x86.Build.0 = Debug|Any CPU
		{D12FA885-CC57-4FEE-A2CA-E8A4F956D70D}.Release|Any CPU.ActiveCfg = Release|Any CPU
		{D12FA885-CC57-4FEE-A2CA-E8A4F956D70D}.Release|Any CPU.Build.0 = Release|Any CPU
		{D12FA885-CC57-4FEE-A2CA-E8A4F956D70D}.Release|x86.ActiveCfg = Release|Any CPU
		{D12FA885-CC57-4FEE-A2CA-E8A4F956D70D}.Release|x86.Build.0 = Release|Any CPU
		{71E3F56F-7A07-47AF-9235-0B330E8629E3}.Debug|Any CPU.ActiveCfg = Debug|Any CPU
		{71E3F56F-7A07-47AF-9235-0B330E8629E3}.Debug|Any CPU.Build.0 = Debug|Any CPU
		{71E3F56F-7A07-47AF-9235-0B330E8629E3}.Debug|x86.ActiveCfg = Debug|Any CPU
		{71E3F56F-7A07-47AF-9235-0B330E8629E3}.Debug|x86.Build.0 = Debug|Any CPU
		{71E3F56F-7A07-47AF-9235-0B330E8629E3}.Release|Any CPU.ActiveCfg = Release|Any CPU
		{71E3F56F-7A07-47AF-9235-0B330E8629E3}.Release|Any CPU.Build.0 = Release|Any CPU
		{71E3F56F-7A07-47AF-9235-0B330E8629E3}.Release|x86.ActiveCfg = Release|Any CPU
		{71E3F56F-7A07-47AF-9235-0B330E8629E3}.Release|x86.Build.0 = Release|Any CPU
		{D5234479-F2B9-4207-871F-155AF01EDB89}.Debug|Any CPU.ActiveCfg = Debug|Any CPU
		{D5234479-F2B9-4207-871F-155AF01EDB89}.Debug|Any CPU.Build.0 = Debug|Any CPU
		{D5234479-F2B9-4207-871F-155AF01EDB89}.Debug|x86.ActiveCfg = Debug|Any CPU
		{D5234479-F2B9-4207-871F-155AF01EDB89}.Debug|x86.Build.0 = Debug|Any CPU
		{D5234479-F2B9-4207-871F-155AF01EDB89}.Release|Any CPU.ActiveCfg = Release|Any CPU
		{D5234479-F2B9-4207-871F-155AF01EDB89}.Release|Any CPU.Build.0 = Release|Any CPU
		{D5234479-F2B9-4207-871F-155AF01EDB89}.Release|x86.ActiveCfg = Release|Any CPU
		{D5234479-F2B9-4207-871F-155AF01EDB89}.Release|x86.Build.0 = Release|Any CPU
		{C0A09230-7711-4942-B2E4-23147A33B76C}.Debug|Any CPU.ActiveCfg = Debug|Any CPU
		{C0A09230-7711-4942-B2E4-23147A33B76C}.Debug|Any CPU.Build.0 = Debug|Any CPU
		{C0A09230-7711-4942-B2E4-23147A33B76C}.Debug|x86.ActiveCfg = Debug|Any CPU
		{C0A09230-7711-4942-B2E4-23147A33B76C}.Debug|x86.Build.0 = Debug|Any CPU
		{C0A09230-7711-4942-B2E4-23147A33B76C}.Release|Any CPU.ActiveCfg = Release|Any CPU
		{C0A09230-7711-4942-B2E4-23147A33B76C}.Release|Any CPU.Build.0 = Release|Any CPU
		{C0A09230-7711-4942-B2E4-23147A33B76C}.Release|x86.ActiveCfg = Release|Any CPU
		{C0A09230-7711-4942-B2E4-23147A33B76C}.Release|x86.Build.0 = Release|Any CPU
	EndGlobalSection
	GlobalSection(SolutionProperties) = preSolution
		HideSolutionNode = FALSE
	EndGlobalSection
	GlobalSection(NestedProjects) = preSolution
		{8B34E5EC-1B0E-41ED-872B-7905023E966A} = {408C61DE-C824-4BA2-8EE7-CE571EA864B5}
		{F34CB1A6-4FF2-4161-8365-CAE4E0DD654E} = {408C61DE-C824-4BA2-8EE7-CE571EA864B5}
		{BA1218D5-7F58-4209-91AF-44761CBE9421} = {408C61DE-C824-4BA2-8EE7-CE571EA864B5}
		{E09BC551-2A2E-4A8B-B903-40CD0969A51A} = {408C61DE-C824-4BA2-8EE7-CE571EA864B5}
		{01D5AB23-4029-4DC7-A041-0D510C099F49} = {408C61DE-C824-4BA2-8EE7-CE571EA864B5}
		{7FEFE25B-8CBE-4625-9F83-EB069AADDFDC} = {408C61DE-C824-4BA2-8EE7-CE571EA864B5}
		{DF5B844A-D99B-4F83-B0A8-0FD3C2DFF21C} = {09CFB583-D5A3-4631-A3FD-2C95226F4ACB}
		{29906DB2-CA4F-446D-B8CF-B95609F87C0E} = {408C61DE-C824-4BA2-8EE7-CE571EA864B5}
		{16530019-96EA-4395-8A37-C1AD2D46EE2A} = {408C61DE-C824-4BA2-8EE7-CE571EA864B5}
		{00287B32-DAF2-469F-9716-4B594C633B60} = {408C61DE-C824-4BA2-8EE7-CE571EA864B5}
		{ACF99A77-9C15-47AE-BCCA-86D1E41143E9} = {408C61DE-C824-4BA2-8EE7-CE571EA864B5}
		{D12FA885-CC57-4FEE-A2CA-E8A4F956D70D} = {408C61DE-C824-4BA2-8EE7-CE571EA864B5}
		{E557CC6C-E93A-433D-A1ED-D3DEDA6669CC} = {408C61DE-C824-4BA2-8EE7-CE571EA864B5}
		{71E3F56F-7A07-47AF-9235-0B330E8629E3} = {E557CC6C-E93A-433D-A1ED-D3DEDA6669CC}
		{D5234479-F2B9-4207-871F-155AF01EDB89} = {E557CC6C-E93A-433D-A1ED-D3DEDA6669CC}
		{C0A09230-7711-4942-B2E4-23147A33B76C} = {E557CC6C-E93A-433D-A1ED-D3DEDA6669CC}
	EndGlobalSection
	GlobalSection(ExtensibilityGlobals) = postSolution
		SolutionGuid = {28315BFD-90E7-4E14-A2EA-F3D23AF4126F}
	EndGlobalSection
EndGlobal
